
Microsoft Visual Studio Solution File, Format Version 12.00
# Visual Studio Version 17
VisualStudioVersion = 17.7.34009.444
MinimumVisualStudioVersion = 10.0.40219.1
Project("{FAE04EC0-301F-11D3-BF4B-00C04F79EFBC}") = "MyWebApplication", "MyWebApplication\MyWebApplication.csproj", "{098BC215-85FE-47D6-8190-2CEE376D3F9E}"
EndProject
Global
	GlobalSection(SolutionConfigurationPlatforms) = preSolution
		Debug|Any CPU = Debug|Any CPU
		Release|Any CPU = Release|Any CPU
	EndGlobalSection
	GlobalSection(ProjectConfigurationPlatforms) = postSolution
		{098BC215-85FE-47D6-8190-2CEE376D3F9E}.Debug|Any CPU.ActiveCfg = Debug|Any CPU
		{098BC215-85FE-47D6-8190-2CEE376D3F9E}.Debug|Any CPU.Build.0 = Debug|Any CPU
		{098BC215-85FE-47D6-8190-2CEE376D3F9E}.Release|Any CPU.ActiveCfg = Release|Any CPU
		{098BC215-85FE-47D6-8190-2CEE376D3F9E}.Release|Any CPU.Build.0 = Release|Any CPU
	EndGlobalSection
	GlobalSection(SolutionProperties) = preSolution
		HideSolutionNode = FALSE
	EndGlobalSection
	GlobalSection(ExtensibilityGlobals) = postSolution
		SolutionGuid = {426E5520-C9C0-478C-9508-7E0DD2DC0A1F}
	EndGlobalSection
EndGlobal
